
Microsoft Visual Studio Solution File, Format Version 12.00
# Visual Studio Version 17
VisualStudioVersion = 17.11.35312.102
MinimumVisualStudioVersion = 10.0.40219.1
Project("{FAE04EC0-301F-11D3-BF4B-00C04F79EFBC}") = "ramansanzon", "ramansanzon.csproj", "{4B8275D1-E28B-44B0-B91F-A7C2ABB81457}"
EndProject
Global
	GlobalSection(SolutionConfigurationPlatforms) = preSolution
		Debug|Any CPU = Debug|Any CPU
		Release|Any CPU = Release|Any CPU
	EndGlobalSection
	GlobalSection(ProjectConfigurationPlatforms) = postSolution
		{4B8275D1-E28B-44B0-B91F-A7C2ABB81457}.Debug|Any CPU.ActiveCfg = Debug|Any CPU
		{4B8275D1-E28B-44B0-B91F-A7C2ABB81457}.Debug|Any CPU.Build.0 = Debug|Any CPU
		{4B8275D1-E28B-44B0-B91F-A7C2ABB81457}.Release|Any CPU.ActiveCfg = Release|Any CPU
		{4B8275D1-E28B-44B0-B91F-A7C2ABB81457}.Release|Any CPU.Build.0 = Release|Any CPU
	EndGlobalSection
	GlobalSection(SolutionProperties) = preSolution
		HideSolutionNode = FALSE
	EndGlobalSection
	GlobalSection(ExtensibilityGlobals) = postSolution
		SolutionGuid = {72B1DD26-4334-444B-8A80-3E9EE4364E40}
	EndGlobalSection
EndGlobal
